
Microsoft Visual Studio Solution File, Format Version 12.00
# Visual Studio Version 16
VisualStudioVersion = 16.0.31702.278
MinimumVisualStudioVersion = 10.0.40219.1
Project("{FAE04EC0-301F-11D3-BF4B-00C04F79EFBC}") = "SpmedicalGroupWebApi", "SpmedicalGroupWebApi\SpmedicalGroupWebApi.csproj", "{A14E45F3-64D5-436E-85D7-EB08684A601A}"
EndProject
Global
	GlobalSection(SolutionConfigurationPlatforms) = preSolution
		Debug|Any CPU = Debug|Any CPU
		Release|Any CPU = Release|Any CPU
	EndGlobalSection
	GlobalSection(ProjectConfigurationPlatforms) = postSolution
		{A14E45F3-64D5-436E-85D7-EB08684A601A}.Debug|Any CPU.ActiveCfg = Debug|Any CPU
		{A14E45F3-64D5-436E-85D7-EB08684A601A}.Debug|Any CPU.Build.0 = Debug|Any CPU
		{A14E45F3-64D5-436E-85D7-EB08684A601A}.Release|Any CPU.ActiveCfg = Release|Any CPU
		{A14E45F3-64D5-436E-85D7-EB08684A601A}.Release|Any CPU.Build.0 = Release|Any CPU
	EndGlobalSection
	GlobalSection(SolutionProperties) = preSolution
		HideSolutionNode = FALSE
	EndGlobalSection
	GlobalSection(ExtensibilityGlobals) = postSolution
		SolutionGuid = {3A70A3A8-0B05-4260-B6BC-A717864097DC}
	EndGlobalSection
EndGlobal
